{
  "name": "SnakeGame",
  "lockfileVersion": 2,
  "requires": true,
  "packages": {
    "": {
      "dependencies": {
        "screen": "^0.2.10"
      }
    },
    "node_modules/screen": {
      "version": "0.2.10",
      "resolved": "https://registry.npmjs.org/screen/-/screen-0.2.10.tgz",
      "integrity": "sha512-T6viduhAMpKFJgnsCmdde25n1QRao5mpRqJ4MyKHD3Y2f1sLP4XVzJJfYeyxsOFcTieVcaB6B61KwS65OVMN/g==",
      "dependencies": {
        "xtend": "~1.0.3"
      }
    },
    "node_modules/xtend": {
      "version": "1.0.3",
      "resolved": "https://registry.npmjs.org/xtend/-/xtend-1.0.3.tgz",
      "integrity": "sha512-wv78b3q8kHDveC/C7Yq/UUrJXsAAM1t/j5m28h/ZlqYy0+eqByglhsWR88D2j3VImQzZlNIDsSbZ3QItwgWEGw==",
      "engines": {
        "node": ">=0.4"
      }
    }
  },
  "dependencies": {
    "screen": {
      "version": "0.2.10",
      "resolved": "https://registry.npmjs.org/screen/-/screen-0.2.10.tgz",
      "integrity": "sha512-T6viduhAMpKFJgnsCmdde25n1QRao5mpRqJ4MyKHD3Y2f1sLP4XVzJJfYeyxsOFcTieVcaB6B61KwS65OVMN/g==",
      "requires": {
        "xtend": "~1.0.3"
      }
    },
    "xtend": {
      "version": "1.0.3",
      "resolved": "https://registry.npmjs.org/xtend/-/xtend-1.0.3.tgz",
      "integrity": "sha512-wv78b3q8kHDveC/C7Yq/UUrJXsAAM1t/j5m28h/ZlqYy0+eqByglhsWR88D2j3VImQzZlNIDsSbZ3QItwgWEGw=="
    }
  }
}
